
Microsoft Visual Studio Solution File, Format Version 12.00
# Visual Studio Version 17
VisualStudioVersion = 17.0.31919.166
MinimumVisualStudioVersion = 10.0.40219.1
Project("{FAE04EC0-301F-11D3-BF4B-00C04F79EFBC}") = "Vasmegye", "Vasmegye\Vasmegye.csproj", "{C7BA005B-B1D5-4CA2-9067-D87E039149C5}"
EndProject
Global
	GlobalSection(SolutionConfigurationPlatforms) = preSolution
		Debug|Any CPU = Debug|Any CPU
		Release|Any CPU = Release|Any CPU
	EndGlobalSection
	GlobalSection(ProjectConfigurationPlatforms) = postSolution
		{C7BA005B-B1D5-4CA2-9067-D87E039149C5}.Debug|Any CPU.ActiveCfg = Debug|Any CPU
		{C7BA005B-B1D5-4CA2-9067-D87E039149C5}.Debug|Any CPU.Build.0 = Debug|Any CPU
		{C7BA005B-B1D5-4CA2-9067-D87E039149C5}.Release|Any CPU.ActiveCfg = Release|Any CPU
		{C7BA005B-B1D5-4CA2-9067-D87E039149C5}.Release|Any CPU.Build.0 = Release|Any CPU
	EndGlobalSection
	GlobalSection(SolutionProperties) = preSolution
		HideSolutionNode = FALSE
	EndGlobalSection
	GlobalSection(ExtensibilityGlobals) = postSolution
		SolutionGuid = {DE5A018E-3490-4657-9B8A-4E6C38B1667E}
	EndGlobalSection
EndGlobal
